{
  "name": "Ai dashboard",
  "lockfileVersion": 3,
  "requires": true,
  "packages": {
    "": {
      "dependencies": {
        "@fontsource/poppins": "^5.2.7",
        "@fortawesome/fontawesome-free": "^7.3.0"
      }
    },
    "node_modules/@fontsource/poppins": {
      "version": "5.2.7",
      "resolved": "https://registry.npmjs.org/@fontsource/poppins/-/poppins-5.2.7.tgz",
      "integrity": "sha512-6uQyPmseo4FgI97WIhA4yWRlNaoLk4vSDK/PyRwdqqZb5zAEuc+Kunt8JTMcsHYUEGYBtN15SNkMajMdqUSUmg==",
      "license": "OFL-1.1",
      "funding": {
        "url": "https://github.com/sponsors/ayuhito"
      }
    },
    "node_modules/@fortawesome/fontawesome-free": {
      "version": "7.3.0",
      "resolved": "https://registry.npmjs.org/@fortawesome/fontawesome-free/-/fontawesome-free-7.3.0.tgz",
      "integrity": "sha512-Yw4Qa43P6e4Xwh0TwEUkHQNRJInWaqIBo73VJmns3j2AIlZPAvUcR4yGIxCPqPRCgyJ5KIVIalF/I1GxhZ/Kgw==",
      "license": "(CC-BY-4.0 AND OFL-1.1 AND MIT)",
      "engines": {
        "node": ">=6"
      }
    }
  }
}
